
Microsoft Visual Studio Solution File, Format Version 12.00
# Visual Studio Version 17
VisualStudioVersion = 17.7.34024.191
MinimumVisualStudioVersion = 10.0.40219.1
Project("{FAE04EC0-301F-11D3-BF4B-00C04F79EFBC}") = "Pause Play", "Pause Play.csproj", "{0B650EDE-971F-48F7-A510-E85B080FADEA}"
EndProject
Global
	GlobalSection(SolutionConfigurationPlatforms) = preSolution
		Debug|Any CPU = Debug|Any CPU
		Release|Any CPU = Release|Any CPU
	EndGlobalSection
	GlobalSection(ProjectConfigurationPlatforms) = postSolution
		{0B650EDE-971F-48F7-A510-E85B080FADEA}.Debug|Any CPU.ActiveCfg = Debug|Any CPU
		{0B650EDE-971F-48F7-A510-E85B080FADEA}.Debug|Any CPU.Build.0 = Debug|Any CPU
		{0B650EDE-971F-48F7-A510-E85B080FADEA}.Release|Any CPU.ActiveCfg = Release|Any CPU
		{0B650EDE-971F-48F7-A510-E85B080FADEA}.Release|Any CPU.Build.0 = Release|Any CPU
	EndGlobalSection
	GlobalSection(SolutionProperties) = preSolution
		HideSolutionNode = FALSE
	EndGlobalSection
	GlobalSection(ExtensibilityGlobals) = postSolution
		SolutionGuid = {E4A11A78-6ABE-493C-8E8A-9C0ED2ADB051}
	EndGlobalSection
EndGlobal
